
Microsoft Visual Studio Solution File, Format Version 12.00
# Visual Studio Version 17
VisualStudioVersion = 17.6.33829.357
MinimumVisualStudioVersion = 10.0.40219.1
Project("{FAE04EC0-301F-11D3-BF4B-00C04F79EFBC}") = "MyService", "MyService.csproj", "{955E35D9-C547-4498-ADB1-A019B82AA4F2}"
EndProject
Global
	GlobalSection(SolutionConfigurationPlatforms) = preSolution
		Debug|Any CPU = Debug|Any CPU
		Release|Any CPU = Release|Any CPU
	EndGlobalSection
	GlobalSection(ProjectConfigurationPlatforms) = postSolution
		{955E35D9-C547-4498-ADB1-A019B82AA4F2}.Debug|Any CPU.ActiveCfg = Debug|Any CPU
		{955E35D9-C547-4498-ADB1-A019B82AA4F2}.Debug|Any CPU.Build.0 = Debug|Any CPU
		{955E35D9-C547-4498-ADB1-A019B82AA4F2}.Release|Any CPU.ActiveCfg = Release|Any CPU
		{955E35D9-C547-4498-ADB1-A019B82AA4F2}.Release|Any CPU.Build.0 = Release|Any CPU
	EndGlobalSection
	GlobalSection(SolutionProperties) = preSolution
		HideSolutionNode = FALSE
	EndGlobalSection
	GlobalSection(ExtensibilityGlobals) = postSolution
		SolutionGuid = {0E8AD40E-60D5-45C1-B62B-F522B5076FD0}
	EndGlobalSection
EndGlobal
